
Microsoft Visual Studio Solution File, Format Version 12.00
# Visual Studio 15
VisualStudioVersion = 15.0.28010.2019
MinimumVisualStudioVersion = 10.0.40219.1
Project("{FAE04EC0-301F-11D3-BF4B-00C04F79EFBC}") = "WindowsFormsLab", "WindowsFormsLab\WindowsFormsLab.csproj", "{0860DA2B-1E20-4AA5-A480-088840DDA525}"
EndProject
Global
	GlobalSection(SolutionConfigurationPlatforms) = preSolution
		Debug|Any CPU = Debug|Any CPU
		Release|Any CPU = Release|Any CPU
	EndGlobalSection
	GlobalSection(ProjectConfigurationPlatforms) = postSolution
		{0860DA2B-1E20-4AA5-A480-088840DDA525}.Debug|Any CPU.ActiveCfg = Debug|Any CPU
		{0860DA2B-1E20-4AA5-A480-088840DDA525}.Debug|Any CPU.Build.0 = Debug|Any CPU
		{0860DA2B-1E20-4AA5-A480-088840DDA525}.Release|Any CPU.ActiveCfg = Release|Any CPU
		{0860DA2B-1E20-4AA5-A480-088840DDA525}.Release|Any CPU.Build.0 = Release|Any CPU
	EndGlobalSection
	GlobalSection(SolutionProperties) = preSolution
		HideSolutionNode = FALSE
	EndGlobalSection
	GlobalSection(ExtensibilityGlobals) = postSolution
		SolutionGuid = {BBB3F1A0-3643-4D2E-A537-37C2E07DFAD9}
	EndGlobalSection
EndGlobal
